
Microsoft Visual Studio Solution File, Format Version 12.00
# Visual Studio Version 17
VisualStudioVersion = 17.14.36518.9
MinimumVisualStudioVersion = 10.0.40219.1
Project("{FAE04EC0-301F-11D3-BF4B-00C04F79EFBC}") = "c#Test2-preparatio(currency)", "c#Test2-preparatio(currency)\c#Test2-preparatio(currency).csproj", "{6DF762A8-D204-466A-BA79-41F88C1FF9D5}"
EndProject
Project("{FAE04EC0-301F-11D3-BF4B-00C04F79EFBC}") = "CurrencyTransfere2", "CurrencyTransfere2\CurrencyTransfere2.csproj", "{E0672218-AA01-4A88-B405-974455DB3834}"
EndProject
Project("{FAE04EC0-301F-11D3-BF4B-00C04F79EFBC}") = "Menza-XML", "Menza-XML\Menza-XML.csproj", "{3CDABE7F-F868-4C9B-9049-51059806094E}"
EndProject
Project("{FAE04EC0-301F-11D3-BF4B-00C04F79EFBC}") = "Gemin", "Gemin\Gemin.csproj", "{C29120BA-0D48-48E3-840C-DBAEF056496F}"
EndProject
Project("{FAE04EC0-301F-11D3-BF4B-00C04F79EFBC}") = "IC-WPF", "IC-WPF\IC-WPF.csproj", "{E5B4451F-C338-4AC3-B765-E3138D61A67E}"
EndProject
Project("{FAE04EC0-301F-11D3-BF4B-00C04F79EFBC}") = "FinancialOfice", "FinancialOfice\FinancialOfice.csproj", "{829E6DD0-7038-4EC0-8F7A-ED0F1EF047B0}"
EndProject
Global
	GlobalSection(SolutionConfigurationPlatforms) = preSolution
		Debug|Any CPU = Debug|Any CPU
		Release|Any CPU = Release|Any CPU
	EndGlobalSection
	GlobalSection(ProjectConfigurationPlatforms) = postSolution
		{6DF762A8-D204-466A-BA79-41F88C1FF9D5}.Debug|Any CPU.ActiveCfg = Debug|Any CPU
		{6DF762A8-D204-466A-BA79-41F88C1FF9D5}.Debug|Any CPU.Build.0 = Debug|Any CPU
		{6DF762A8-D204-466A-BA79-41F88C1FF9D5}.Release|Any CPU.ActiveCfg = Release|Any CPU
		{6DF762A8-D204-466A-BA79-41F88C1FF9D5}.Release|Any CPU.Build.0 = Release|Any CPU
		{E0672218-AA01-4A88-B405-974455DB3834}.Debug|Any CPU.ActiveCfg = Debug|Any CPU
		{E0672218-AA01-4A88-B405-974455DB3834}.Debug|Any CPU.Build.0 = Debug|Any CPU
		{E0672218-AA01-4A88-B405-974455DB3834}.Release|Any CPU.ActiveCfg = Release|Any CPU
		{E0672218-AA01-4A88-B405-974455DB3834}.Release|Any CPU.Build.0 = Release|Any CPU
		{3CDABE7F-F868-4C9B-9049-51059806094E}.Debug|Any CPU.ActiveCfg = Debug|Any CPU
		{3CDABE7F-F868-4C9B-9049-51059806094E}.Debug|Any CPU.Build.0 = Debug|Any CPU
		{3CDABE7F-F868-4C9B-9049-51059806094E}.Release|Any CPU.ActiveCfg = Release|Any CPU
		{3CDABE7F-F868-4C9B-9049-51059806094E}.Release|Any CPU.Build.0 = Release|Any CPU
		{C29120BA-0D48-48E3-840C-DBAEF056496F}.Debug|Any CPU.ActiveCfg = Debug|Any CPU
		{C29120BA-0D48-48E3-840C-DBAEF056496F}.Debug|Any CPU.Build.0 = Debug|Any CPU
		{C29120BA-0D48-48E3-840C-DBAEF056496F}.Release|Any CPU.ActiveCfg = Release|Any CPU
		{C29120BA-0D48-48E3-840C-DBAEF056496F}.Release|Any CPU.Build.0 = Release|Any CPU
		{E5B4451F-C338-4AC3-B765-E3138D61A67E}.Debug|Any CPU.ActiveCfg = Debug|Any CPU
		{E5B4451F-C338-4AC3-B765-E3138D61A67E}.Debug|Any CPU.Build.0 = Debug|Any CPU
		{E5B4451F-C338-4AC3-B765-E3138D61A67E}.Release|Any CPU.ActiveCfg = Release|Any CPU
		{E5B4451F-C338-4AC3-B765-E3138D61A67E}.Release|Any CPU.Build.0 = Release|Any CPU
		{829E6DD0-7038-4EC0-8F7A-ED0F1EF047B0}.Debug|Any CPU.ActiveCfg = Debug|Any CPU
		{829E6DD0-7038-4EC0-8F7A-ED0F1EF047B0}.Debug|Any CPU.Build.0 = Debug|Any CPU
		{829E6DD0-7038-4EC0-8F7A-ED0F1EF047B0}.Release|Any CPU.ActiveCfg = Release|Any CPU
		{829E6DD0-7038-4EC0-8F7A-ED0F1EF047B0}.Release|Any CPU.Build.0 = Release|Any CPU
	EndGlobalSection
	GlobalSection(SolutionProperties) = preSolution
		HideSolutionNode = FALSE
	EndGlobalSection
	GlobalSection(ExtensibilityGlobals) = postSolution
		SolutionGuid = {534CB01E-A78D-46BA-86DC-DBCA919AF44F}
	EndGlobalSection
EndGlobal
